
Microsoft Visual Studio Solution File, Format Version 12.00
# Visual Studio Version 16
VisualStudioVersion = 16.0.30907.101
MinimumVisualStudioVersion = 10.0.40219.1
Project("{FAE04EC0-301F-11D3-BF4B-00C04F79EFBC}") = "Puzle1-8", "Puzle1-8\Puzle1-8.csproj", "{F4FA567A-6C2A-4B3A-9588-BB35D79162DE}"
EndProject
Global
	GlobalSection(SolutionConfigurationPlatforms) = preSolution
		Debug|Any CPU = Debug|Any CPU
		Release|Any CPU = Release|Any CPU
	EndGlobalSection
	GlobalSection(ProjectConfigurationPlatforms) = postSolution
		{F4FA567A-6C2A-4B3A-9588-BB35D79162DE}.Debug|Any CPU.ActiveCfg = Debug|Any CPU
		{F4FA567A-6C2A-4B3A-9588-BB35D79162DE}.Debug|Any CPU.Build.0 = Debug|Any CPU
		{F4FA567A-6C2A-4B3A-9588-BB35D79162DE}.Release|Any CPU.ActiveCfg = Release|Any CPU
		{F4FA567A-6C2A-4B3A-9588-BB35D79162DE}.Release|Any CPU.Build.0 = Release|Any CPU
	EndGlobalSection
	GlobalSection(SolutionProperties) = preSolution
		HideSolutionNode = FALSE
	EndGlobalSection
	GlobalSection(ExtensibilityGlobals) = postSolution
		SolutionGuid = {681983A6-0634-482B-A757-74B65ADC35F6}
	EndGlobalSection
EndGlobal
